
Microsoft Visual Studio Solution File, Format Version 12.00
# Visual Studio Version 17
VisualStudioVersion = 17.13.35828.75 d17.13
MinimumVisualStudioVersion = 10.0.40219.1
Project("{FAE04EC0-301F-11D3-BF4B-00C04F79EFBC}") = "To-do-list_API", "To-do-list_API\To-do-list_API.csproj", "{0A865184-4F60-4C20-884F-2CFAAE27E26E}"
EndProject
Global
	GlobalSection(SolutionConfigurationPlatforms) = preSolution
		Debug|Any CPU = Debug|Any CPU
		Release|Any CPU = Release|Any CPU
	EndGlobalSection
	GlobalSection(ProjectConfigurationPlatforms) = postSolution
		{0A865184-4F60-4C20-884F-2CFAAE27E26E}.Debug|Any CPU.ActiveCfg = Debug|Any CPU
		{0A865184-4F60-4C20-884F-2CFAAE27E26E}.Debug|Any CPU.Build.0 = Debug|Any CPU
		{0A865184-4F60-4C20-884F-2CFAAE27E26E}.Release|Any CPU.ActiveCfg = Release|Any CPU
		{0A865184-4F60-4C20-884F-2CFAAE27E26E}.Release|Any CPU.Build.0 = Release|Any CPU
	EndGlobalSection
	GlobalSection(SolutionProperties) = preSolution
		HideSolutionNode = FALSE
	EndGlobalSection
	GlobalSection(ExtensibilityGlobals) = postSolution
		SolutionGuid = {9CABAFA0-7978-4B9E-BC84-F266FEAC6AB2}
	EndGlobalSection
EndGlobal
